// !$*UTF8*$!
{
	archiveVersion = 1;
	classes = {
	};
	objectVersion = 50;
	objects = {

/* Begin PBXBuildFile section */
		2D123001F2310FBB4F6A9D50 /* Pods_Test_FMDB.framework in Frameworks */ = {isa = PBXBuildFile; fileRef = 952A73C68EF4159DA23C4B55 /* Pods_Test_FMDB.framework */; };
		5BC2D1C822923C71009EF3AF /* AppDelegate.swift in Sources */ = {isa = PBXBuildFile; fileRef = 5BC2D1C722923C71009EF3AF /* AppDelegate.swift */; };
		5BC2D1CA22923C71009EF3AF /* ViewController.swift in Sources */ = {isa = PBXBuildFile; fileRef = 5BC2D1C922923C71009EF3AF /* ViewController.swift */; };
		5BC2D1CD22923C71009EF3AF /* Main.storyboard in Resources */ = {isa = PBXBuildFile; fileRef = 5BC2D1CB22923C71009EF3AF /* Main.storyboard */; };
		5BC2D1CF22923C73009EF3AF /* Assets.xcassets in Resources */ = {isa = PBXBuildFile; fileRef = 5BC2D1CE22923C73009EF3AF /* Assets.xcassets */; };
		5BC2D1D222923C73009EF3AF /* LaunchScreen.storyboard in Resources */ = {isa = PBXBuildFile; fileRef = 5BC2D1D022923C73009EF3AF /* LaunchScreen.storyboard */; };
		5BC2D1DD22923C73009EF3AF /* Test_FMDBTests.swift in Sources */ = {isa = PBXBuildFile; fileRef = 5BC2D1DC22923C73009EF3AF /* Test_FMDBTests.swift */; };
		5BC2D1E822923C73009EF3AF /* Test_FMDBUITests.swift in Sources */ = {isa = PBXBuildFile; fileRef = 5BC2D1E722923C73009EF3AF /* Test_FMDBUITests.swift */; };
		5BC2D1F6229251AD009EF3AF /* HLLDBCreation.swift in Sources */ = {isa = PBXBuildFile; fileRef = 5BC2D1F5229251AD009EF3AF /* HLLDBCreation.swift */; };
		65C42A3B4E2670CBF2304479 /* Pods_Test_FMDBUITests.framework in Frameworks */ = {isa = PBXBuildFile; fileRef = 578FFF2130C0F8406E28CBBD /* Pods_Test_FMDBUITests.framework */; };
		ACFB5D2FD1A25E069B23B64A /* Pods_Test_FMDBTests.framework in Frameworks */ = {isa = PBXBuildFile; fileRef = B8C1B07EDB6C62F31E438931 /* Pods_Test_FMDBTests.framework */; };
/* End PBXBuildFile section */

/* Begin PBXContainerItemProxy section */
		5BC2D1D922923C73009EF3AF /* PBXContainerItemProxy */ = {
			isa = PBXContainerItemProxy;
			containerPortal = 5BC2D1BC22923C71009EF3AF /* Project object */;
			proxyType = 1;
			remoteGlobalIDString = 5BC2D1C322923C71009EF3AF;
			remoteInfo = Test_FMDB;
		};
		5BC2D1E422923C73009EF3AF /* PBXContainerItemProxy */ = {
			isa = PBXContainerItemProxy;
			containerPortal = 5BC2D1BC22923C71009EF3AF /* Project object */;
			proxyType = 1;
			remoteGlobalIDString = 5BC2D1C322923C71009EF3AF;
			remoteInfo = Test_FMDB;
		};
/* End PBXContainerItemProxy section */

/* Begin PBXFileReference section */
		3857221AF12707F1C5B766CD /* Pods-Test_FMDBUITests.release.xcconfig */ = {isa = PBXFileReference; includeInIndex = 1; lastKnownFileType = text.xcconfig; name = "Pods-Test_FMDBUITests.release.xcconfig"; path = "Pods/Target Support Files/Pods-Test_FMDBUITests/Pods-Test_FMDBUITests.release.xcconfig"; sourceTree = "<group>"; };
		578FFF2130C0F8406E28CBBD /* Pods_Test_FMDBUITests.framework */ = {isa = PBXFileReference; explicitFileType = wrapper.framework; includeInIndex = 0; path = Pods_Test_FMDBUITests.framework; sourceTree = BUILT_PRODUCTS_DIR; };
		58096D3D6F76C1557169905C /* Pods-Test_FMDB.release.xcconfig */ = {isa = PBXFileReference; includeInIndex = 1; lastKnownFileType = text.xcconfig; name = "Pods-Test_FMDB.release.xcconfig"; path = "Pods/Target Support Files/Pods-Test_FMDB/Pods-Test_FMDB.release.xcconfig"; sourceTree = "<group>"; };
		58FC5016EDD6D31BF006ADC5 /* Pods-Test_FMDBUITests.debug.xcconfig */ = {isa = PBXFileReference; includeInIndex = 1; lastKnownFileType = text.xcconfig; name = "Pods-Test_FMDBUITests.debug.xcconfig"; path = "Pods/Target Support Files/Pods-Test_FMDBUITests/Pods-Test_FMDBUITests.debug.xcconfig"; sourceTree = "<group>"; };
		5BC2D1C422923C71009EF3AF /* Test_FMDB.app */ = {isa = PBXFileReference; explicitFileType = wrapper.application; includeInIndex = 0; path = Test_FMDB.app; sourceTree = BUILT_PRODUCTS_DIR; };
		5BC2D1C722923C71009EF3AF /* AppDelegate.swift */ = {isa = PBXFileReference; lastKnownFileType = sourcecode.swift; path = AppDelegate.swift; sourceTree = "<group>"; };
		5BC2D1C922923C71009EF3AF /* ViewController.swift */ = {isa = PBXFileReference; lastKnownFileType = sourcecode.swift; path = ViewController.swift; sourceTree = "<group>"; };
		5BC2D1CC22923C71009EF3AF /* Base */ = {isa = PBXFileReference; lastKnownFileType = file.storyboard; name = Base; path = Base.lproj/Main.storyboard; sourceTree = "<group>"; };
		5BC2D1CE22923C73009EF3AF /* Assets.xcassets */ = {isa = PBXFileReference; lastKnownFileType = folder.assetcatalog; path = Assets.xcassets; sourceTree = "<group>"; };
		5BC2D1D122923C73009EF3AF /* Base */ = {isa = PBXFileReference; lastKnownFileType = file.storyboard; name = Base; path = Base.lproj/LaunchScreen.storyboard; sourceTree = "<group>"; };
		5BC2D1D322923C73009EF3AF /* Info.plist */ = {isa = PBXFileReference; lastKnownFileType = text.plist.xml; path = Info.plist; sourceTree = "<group>"; };
		5BC2D1D822923C73009EF3AF /* Test_FMDBTests.xctest */ = {isa = PBXFileReference; explicitFileType = wrapper.cfbundle; includeInIndex = 0; path = Test_FMDBTests.xctest; sourceTree = BUILT_PRODUCTS_DIR; };
		5BC2D1DC22923C73009EF3AF /* Test_FMDBTests.swift */ = {isa = PBXFileReference; lastKnownFileType = sourcecode.swift; path = Test_FMDBTests.swift; sourceTree = "<group>"; };
		5BC2D1DE22923C73009EF3AF /* Info.plist */ = {isa = PBXFileReference; lastKnownFileType = text.plist.xml; path = Info.plist; sourceTree = "<group>"; };
		5BC2D1E322923C73009EF3AF /* Test_FMDBUITests.xctest */ = {isa = PBXFileReference; explicitFileType = wrapper.cfbundle; includeInIndex = 0; path = Test_FMDBUITests.xctest; sourceTree = BUILT_PRODUCTS_DIR; };
		5BC2D1E722923C73009EF3AF /* Test_FMDBUITests.swift */ = {isa = PBXFileReference; lastKnownFileType = sourcecode.swift; path = Test_FMDBUITests.swift; sourceTree = "<group>"; };
		5BC2D1E922923C73009EF3AF /* Info.plist */ = {isa = PBXFileReference; lastKnownFileType = text.plist.xml; path = Info.plist; sourceTree = "<group>"; };
		5BC2D1F5229251AD009EF3AF /* HLLDBCreation.swift */ = {isa = PBXFileReference; lastKnownFileType = sourcecode.swift; path = HLLDBCreation.swift; sourceTree = "<group>"; };
		68369F2B06F0C02FA57B6B20 /* Pods-Test_FMDB.debug.xcconfig */ = {isa = PBXFileReference; includeInIndex = 1; lastKnownFileType = text.xcconfig; name = "Pods-Test_FMDB.debug.xcconfig"; path = "Pods/Target Support Files/Pods-Test_FMDB/Pods-Test_FMDB.debug.xcconfig"; sourceTree = "<group>"; };
		91D81BE5CFAE4E9F08B9511A /* Pods-Test_FMDBTests.release.xcconfig */ = {isa = PBXFileReference; includeInIndex = 1; lastKnownFileType = text.xcconfig; name = "Pods-Test_FMDBTests.release.xcconfig"; path = "Pods/Target Support Files/Pods-Test_FMDBTests/Pods-Test_FMDBTests.release.xcconfig"; sourceTree = "<group>"; };
		952A73C68EF4159DA23C4B55 /* Pods_Test_FMDB.framework */ = {isa = PBXFileReference; explicitFileType = wrapper.framework; includeInIndex = 0; path = Pods_Test_FMDB.framework; sourceTree = BUILT_PRODUCTS_DIR; };
		B8C1B07EDB6C62F31E438931 /* Pods_Test_FMDBTests.framework */ = {isa = PBXFileReference; explicitFileType = wrapper.framework; includeInIndex = 0; path = Pods_Test_FMDBTests.framework; sourceTree = BUILT_PRODUCTS_DIR; };
		E73ACAD2C3C6757EFA0256C9 /* Pods-Test_FMDBTests.debug.xcconfig */ = {isa = PBXFileReference; includeInIndex = 1; lastKnownFileType = text.xcconfig; name = "Pods-Test_FMDBTests.debug.xcconfig"; path = "Pods/Target Support Files/Pods-Test_FMDBTests/Pods-Test_FMDBTests.debug.xcconfig"; sourceTree = "<group>"; };
/* End PBXFileReference section */

/* Begin PBXFrameworksBuildPhase section */
		5BC2D1C122923C71009EF3AF /* Frameworks */ = {
			isa = PBXFrameworksBuildPhase;
			buildActionMask = 2147483647;
			files = (
				2D123001F2310FBB4F6A9D50 /* Pods_Test_FMDB.framework in Frameworks */,
			);
			runOnlyForDeploymentPostprocessing = 0;
		};
		5BC2D1D522923C73009EF3AF /* Frameworks */ = {
			isa = PBXFrameworksBuildPhase;
			buildActionMask = 2147483647;
			files = (
				ACFB5D2FD1A25E069B23B64A /* Pods_Test_FMDBTests.framework in Frameworks */,
			);
			runOnlyForDeploymentPostprocessing = 0;
		};
		5BC2D1E022923C73009EF3AF /* Frameworks */ = {
			isa = PBXFrameworksBuildPhase;
			buildActionMask = 2147483647;
			files = (
				65C42A3B4E2670CBF2304479 /* Pods_Test_FMDBUITests.framework in Frameworks */,
			);
			runOnlyForDeploymentPostprocessing = 0;
		};
/* End PBXFrameworksBuildPhase section */

/* Begin PBXGroup section */
		23EF448B72D02B8C55054592 /* Frameworks */ = {
			isa = PBXGroup;
			children = (
				952A73C68EF4159DA23C4B55 /* Pods_Test_FMDB.framework */,
				B8C1B07EDB6C62F31E438931 /* Pods_Test_FMDBTests.framework */,
				578FFF2130C0F8406E28CBBD /* Pods_Test_FMDBUITests.framework */,
			);
			name = Frameworks;
			sourceTree = "<group>";
		};
		5BC2D1BB22923C71009EF3AF = {
			isa = PBXGroup;
			children = (
				5BC2D1C622923C71009EF3AF /* Test_FMDB */,
				5BC2D1DB22923C73009EF3AF /* Test_FMDBTests */,
				5BC2D1E622923C73009EF3AF /* Test_FMDBUITests */,
				5BC2D1C522923C71009EF3AF /* Products */,
				AAF369261F8005AB762DE753 /* Pods */,
				23EF448B72D02B8C55054592 /* Frameworks */,
			);
			sourceTree = "<group>";
		};
		5BC2D1C522923C71009EF3AF /* Products */ = {
			isa = PBXGroup;
			children = (
				5BC2D1C422923C71009EF3AF /* Test_FMDB.app */,
				5BC2D1D822923C73009EF3AF /* Test_FMDBTests.xctest */,
				5BC2D1E322923C73009EF3AF /* Test_FMDBUITests.xctest */,
			);
			name = Products;
			sourceTree = "<group>";
		};
		5BC2D1C622923C71009EF3AF /* Test_FMDB */ = {
			isa = PBXGroup;
			children = (
				5BC2D1C722923C71009EF3AF /* AppDelegate.swift */,
				5BC2D1C922923C71009EF3AF /* ViewController.swift */,
				5BC2D1F5229251AD009EF3AF /* HLLDBCreation.swift */,
				5BC2D1CB22923C71009EF3AF /* Main.storyboard */,
				5BC2D1CE22923C73009EF3AF /* Assets.xcassets */,
				5BC2D1D022923C73009EF3AF /* LaunchScreen.storyboard */,
				5BC2D1D322923C73009EF3AF /* Info.plist */,
			);
			path = Test_FMDB;
			sourceTree = "<group>";
		};
		5BC2D1DB22923C73009EF3AF /* Test_FMDBTests */ = {
			isa = PBXGroup;
			children = (
				5BC2D1DC22923C73009EF3AF /* Test_FMDBTests.swift */,
				5BC2D1DE22923C73009EF3AF /* Info.plist */,
			);
			path = Test_FMDBTests;
			sourceTree = "<group>";
		};
		5BC2D1E622923C73009EF3AF /* Test_FMDBUITests */ = {
			isa = PBXGroup;
			children = (
				5BC2D1E722923C73009EF3AF /* Test_FMDBUITests.swift */,
				5BC2D1E922923C73009EF3AF /* Info.plist */,
			);
			path = Test_FMDBUITests;
			sourceTree = "<group>";
		};
		AAF369261F8005AB762DE753 /* Pods */ = {
			isa = PBXGroup;
			children = (
				68369F2B06F0C02FA57B6B20 /* Pods-Test_FMDB.debug.xcconfig */,
				58096D3D6F76C1557169905C /* Pods-Test_FMDB.release.xcconfig */,
				E73ACAD2C3C6757EFA0256C9 /* Pods-Test_FMDBTests.debug.xcconfig */,
				91D81BE5CFAE4E9F08B9511A /* Pods-Test_FMDBTests.release.xcconfig */,
				58FC5016EDD6D31BF006ADC5 /* Pods-Test_FMDBUITests.debug.xcconfig */,
				3857221AF12707F1C5B766CD /* Pods-Test_FMDBUITests.release.xcconfig */,
			);
			name = Pods;
			sourceTree = "<group>";
		};
/* End PBXGroup section */

/* Begin PBXNativeTarget section */
		5BC2D1C322923C71009EF3AF /* Test_FMDB */ = {
			isa = PBXNativeTarget;
			buildConfigurationList = 5BC2D1EC22923C73009EF3AF /* Build configuration list for PBXNativeTarget "Test_FMDB" */;
			buildPhases = (
				DFBEB8EAA709C760B056E6F3 /* [CP] Check Pods Manifest.lock */,
				5BC2D1C022923C71009EF3AF /* Sources */,
				5BC2D1C122923C71009EF3AF /* Frameworks */,
				5BC2D1C222923C71009EF3AF /* Resources */,
				72129304C9C740C76028908A /* [CP] Embed Pods Frameworks */,
			);
			buildRules = (
			);
			dependencies = (
			);
			name = Test_FMDB;
			productName = Test_FMDB;
			productReference = 5BC2D1C422923C71009EF3AF /* Test_FMDB.app */;
			productType = "com.apple.product-type.application";
		};
		5BC2D1D722923C73009EF3AF /* Test_FMDBTests */ = {
			isa = PBXNativeTarget;
			buildConfigurationList = 5BC2D1EF22923C73009EF3AF /* Build configuration list for PBXNativeTarget "Test_FMDBTests" */;
			buildPhases = (
				D5A69DDCDF6A41DEAF641024 /* [CP] Check Pods Manifest.lock */,
				5BC2D1D422923C73009EF3AF /* Sources */,
				5BC2D1D522923C73009EF3AF /* Frameworks */,
				5BC2D1D622923C73009EF3AF /* Resources */,
			);
			buildRules = (
			);
			dependencies = (
				5BC2D1DA22923C73009EF3AF /* PBXTargetDependency */,
			);
			name = Test_FMDBTests;
			productName = Test_FMDBTests;
			productReference = 5BC2D1D822923C73009EF3AF /* Test_FMDBTests.xctest */;
			productType = "com.apple.product-type.bundle.unit-test";
		};
		5BC2D1E222923C73009EF3AF /* Test_FMDBUITests */ = {
			isa = PBXNativeTarget;
			buildConfigurationList = 5BC2D1F222923C73009EF3AF /* Build configuration list for PBXNativeTarget "Test_FMDBUITests" */;
			buildPhases = (
				2AF14DFF6C973A5051A9D09B /* [CP] Check Pods Manifest.lock */,
				5BC2D1DF22923C73009EF3AF /* Sources */,
				5BC2D1E022923C73009EF3AF /* Frameworks */,
				5BC2D1E122923C73009EF3AF /* Resources */,
			);
			buildRules = (
			);
			dependencies = (
				5BC2D1E522923C73009EF3AF /* PBXTargetDependency */,
			);
			name = Test_FMDBUITests;
			productName = Test_FMDBUITests;
			productReference = 5BC2D1E322923C73009EF3AF /* Test_FMDBUITests.xctest */;
			productType = "com.apple.product-type.bundle.ui-testing";
		};
/* End PBXNativeTarget section */

/* Begin PBXProject section */
		5BC2D1BC22923C71009EF3AF /* Project object */ = {
			isa = PBXProject;
			attributes = {
				LastSwiftUpdateCheck = 1020;
				LastUpgradeCheck = 1020;
				ORGANIZATIONNAME = com.heron;
				TargetAttributes = {
					5BC2D1C322923C71009EF3AF = {
						CreatedOnToolsVersion = 10.2.1;
					};
					5BC2D1D722923C73009EF3AF = {
						CreatedOnToolsVersion = 10.2.1;
						TestTargetID = 5BC2D1C322923C71009EF3AF;
					};
					5BC2D1E222923C73009EF3AF = {
						CreatedOnToolsVersion = 10.2.1;
						TestTargetID = 5BC2D1C322923C71009EF3AF;
					};
				};
			};
			buildConfigurationList = 5BC2D1BF22923C71009EF3AF /* Build configuration list for PBXProject "Test_FMDB" */;
			compatibilityVersion = "Xcode 9.3";
			developmentRegion = en;
			hasScannedForEncodings = 0;
			knownRegions = (
				en,
				Base,
			);
			mainGroup = 5BC2D1BB22923C71009EF3AF;
			productRefGroup = 5BC2D1C522923C71009EF3AF /* Products */;
			projectDirPath = "";
			projectRoot = "";
			targets = (
				5BC2D1C322923C71009EF3AF /* Test_FMDB */,
				5BC2D1D722923C73009EF3AF /* Test_FMDBTests */,
				5BC2D1E222923C73009EF3AF /* Test_FMDBUITests */,
			);
		};
/* End PBXProject section */

/* Begin PBXResourcesBuildPhase section */
		5BC2D1C222923C71009EF3AF /* Resources */ = {
			isa = PBXResourcesBuildPhase;
			buildActionMask = 2147483647;
			files = (
				5BC2D1D222923C73009EF3AF /* LaunchScreen.storyboard in Resources */,
				5BC2D1CF22923C73009EF3AF /* Assets.xcassets in Resources */,
				5BC2D1CD22923C71009EF3AF /* Main.storyboard in Resources */,
			);
			runOnlyForDeploymentPostprocessing = 0;
		};
		5BC2D1D622923C73009EF3AF /* Resources */ = {
			isa = PBXResourcesBuildPhase;
			buildActionMask = 2147483647;
			files = (
			);
			runOnlyForDeploymentPostprocessing = 0;
		};
		5BC2D1E122923C73009EF3AF /* Resources */ = {
			isa = PBXResourcesBuildPhase;
			buildActionMask = 2147483647;
			files = (
			);
			runOnlyForDeploymentPostprocessing = 0;
		};
/* End PBXResourcesBuildPhase section */

/* Begin PBXShellScriptBuildPhase section */
		2AF14DFF6C973A5051A9D09B /* [CP] Check Pods Manifest.lock */ = {
			isa = PBXShellScriptBuildPhase;
			buildActionMask = 2147483647;
			files = (
			);
			inputPaths = (
				"${PODS_PODFILE_DIR_PATH}/Podfile.lock",
				"${PODS_ROOT}/Manifest.lock",
			);
			name = "[CP] Check Pods Manifest.lock";
			outputPaths = (
				"$(DERIVED_FILE_DIR)/Pods-Test_FMDBUITests-checkManifestLockResult.txt",
			);
			runOnlyForDeploymentPostprocessing = 0;
			shellPath = /bin/sh;
			shellScript = "diff \"${PODS_PODFILE_DIR_PATH}/Podfile.lock\" \"${PODS_ROOT}/Manifest.lock\" > /dev/null\nif [ $? != 0 ] ; then\n    # print error to STDERR\n    echo \"error: The sandbox is not in sync with the Podfile.lock. Run 'pod install' or update your CocoaPods installation.\" >&2\n    exit 1\nfi\n# This output is used by Xcode 'outputs' to avoid re-running this script phase.\necho \"SUCCESS\" > \"${SCRIPT_OUTPUT_FILE_0}\"\n";
			showEnvVarsInLog = 0;
		};
		72129304C9C740C76028908A /* [CP] Embed Pods Frameworks */ = {
			isa = PBXShellScriptBuildPhase;
			buildActionMask = 2147483647;
			files = (
			);
			inputPaths = (
				"${SRCROOT}/Pods/Target Support Files/Pods-Test_FMDB/Pods-Test_FMDB-frameworks.sh",
				"${BUILT_PRODUCTS_DIR}/FMDB/FMDB.framework",
			);
			name = "[CP] Embed Pods Frameworks";
			outputPaths = (
				"${TARGET_BUILD_DIR}/${FRAMEWORKS_FOLDER_PATH}/FMDB.framework",
			);
			runOnlyForDeploymentPostprocessing = 0;
			shellPath = /bin/sh;
			shellScript = "\"${SRCROOT}/Pods/Target Support Files/Pods-Test_FMDB/Pods-Test_FMDB-frameworks.sh\"\n";
			showEnvVarsInLog = 0;
		};
		D5A69DDCDF6A41DEAF641024 /* [CP] Check Pods Manifest.lock */ = {
			isa = PBXShellScriptBuildPhase;
			buildActionMask = 2147483647;
			files = (
			);
			inputPaths = (
				"${PODS_PODFILE_DIR_PATH}/Podfile.lock",
				"${PODS_ROOT}/Manifest.lock",
			);
			name = "[CP] Check Pods Manifest.lock";
			outputPaths = (
				"$(DERIVED_FILE_DIR)/Pods-Test_FMDBTests-checkManifestLockResult.txt",
			);
			runOnlyForDeploymentPostprocessing = 0;
			shellPath = /bin/sh;
			shellScript = "diff \"${PODS_PODFILE_DIR_PATH}/Podfile.lock\" \"${PODS_ROOT}/Manifest.lock\" > /dev/null\nif [ $? != 0 ] ; then\n    # print error to STDERR\n    echo \"error: The sandbox is not in sync with the Podfile.lock. Run 'pod install' or update your CocoaPods installation.\" >&2\n    exit 1\nfi\n# This output is used by Xcode 'outputs' to avoid re-running this script phase.\necho \"SUCCESS\" > \"${SCRIPT_OUTPUT_FILE_0}\"\n";
			showEnvVarsInLog = 0;
		};
		DFBEB8EAA709C760B056E6F3 /* [CP] Check Pods Manifest.lock */ = {
			isa = PBXShellScriptBuildPhase;
			buildActionMask = 2147483647;
			files = (
			);
			inputPaths = (
				"${PODS_PODFILE_DIR_PATH}/Podfile.lock",
				"${PODS_ROOT}/Manifest.lock",
			);
			name = "[CP] Check Pods Manifest.lock";
			outputPaths = (
				"$(DERIVED_FILE_DIR)/Pods-Test_FMDB-checkManifestLockResult.txt",
			);
			runOnlyForDeploymentPostprocessing = 0;
			shellPath = /bin/sh;
			shellScript = "diff \"${PODS_PODFILE_DIR_PATH}/Podfile.lock\" \"${PODS_ROOT}/Manifest.lock\" > /dev/null\nif [ $? != 0 ] ; then\n    # print error to STDERR\n    echo \"error: The sandbox is not in sync with the Podfile.lock. Run 'pod install' or update your CocoaPods installation.\" >&2\n    exit 1\nfi\n# This output is used by Xcode 'outputs' to avoid re-running this script phase.\necho \"SUCCESS\" > \"${SCRIPT_OUTPUT_FILE_0}\"\n";
			showEnvVarsInLog = 0;
		};
/* End PBXShellScriptBuildPhase section */

/* Begin PBXSourcesBuildPhase section */
		5BC2D1C022923C71009EF3AF /* Sources */ = {
			isa = PBXSourcesBuildPhase;
			buildActionMask = 2147483647;
			files = (
				5BC2D1F6229251AD009EF3AF /* HLLDBCreation.swift in Sources */,
				5BC2D1CA22923C71009EF3AF /* ViewController.swift in Sources */,
				5BC2D1C822923C71009EF3AF /* AppDelegate.swift in Sources */,
			);
			runOnlyForDeploymentPostprocessing = 0;
		};
		5BC2D1D422923C73009EF3AF /* Sources */ = {
			isa = PBXSourcesBuildPhase;
			buildActionMask = 2147483647;
			files = (
				5BC2D1DD22923C73009EF3AF /* Test_FMDBTests.swift in Sources */,
			);
			runOnlyForDeploymentPostprocessing = 0;
		};
		5BC2D1DF22923C73009EF3AF /* Sources */ = {
			isa = PBXSourcesBuildPhase;
			buildActionMask = 2147483647;
			files = (
				5BC2D1E822923C73009EF3AF /* Test_FMDBUITests.swift in Sources */,
			);
			runOnlyForDeploymentPostprocessing = 0;
		};
/* End PBXSourcesBuildPhase section */

/* Begin PBXTargetDependency section */
		5BC2D1DA22923C73009EF3AF /* PBXTargetDependency */ = {
			isa = PBXTargetDependency;
			target = 5BC2D1C322923C71009EF3AF /* Test_FMDB */;
			targetProxy = 5BC2D1D922923C73009EF3AF /* PBXContainerItemProxy */;
		};
		5BC2D1E522923C73009EF3AF /* PBXTargetDependency */ = {
			isa = PBXTargetDependency;
			target = 5BC2D1C322923C71009EF3AF /* Test_FMDB */;
			targetProxy = 5BC2D1E422923C73009EF3AF /* PBXContainerItemProxy */;
		};
/* End PBXTargetDependency section */

/* Begin PBXVariantGroup section */
		5BC2D1CB22923C71009EF3AF /* Main.storyboard */ = {
			isa = PBXVariantGroup;
			children = (
				5BC2D1CC22923C71009EF3AF /* Base */,
			);
			name = Main.storyboard;
			sourceTree = "<group>";
		};
		5BC2D1D022923C73009EF3AF /* LaunchScreen.storyboard */ = {
			isa = PBXVariantGroup;
			children = (
				5BC2D1D122923C73009EF3AF /* Base */,
			);
			name = LaunchScreen.storyboard;
			sourceTree = "<group>";
		};
/* End PBXVariantGroup section */

/* Begin XCBuildConfiguration section */
		5BC2D1EA22923C73009EF3AF /* Debug */ = {
			isa = XCBuildConfiguration;
			buildSettings = {
				ALWAYS_SEARCH_USER_PATHS = NO;
				CLANG_ANALYZER_NONNULL = YES;
				CLANG_ANALYZER_NUMBER_OBJECT_CONVERSION = YES_AGGRESSIVE;
				CLANG_CXX_LANGUAGE_STANDARD = "gnu++14";
				CLANG_CXX_LIBRARY = "libc++";
				CLANG_ENABLE_MODULES = YES;
				CLANG_ENABLE_OBJC_ARC = YES;
				CLANG_ENABLE_OBJC_WEAK = YES;
				CLANG_WARN_BLOCK_CAPTURE_AUTORELEASING = YES;
				CLANG_WARN_BOOL_CONVERSION = YES;
				CLANG_WARN_COMMA = YES;
				CLANG_WARN_CONSTANT_CONVERSION = YES;
				CLANG_WARN_DEPRECATED_OBJC_IMPLEMENTATIONS = YES;
				CLANG_WARN_DIRECT_OBJC_ISA_USAGE = YES_ERROR;
				CLANG_WARN_DOCUMENTATION_COMMENTS = YES;
				CLANG_WARN_EMPTY_BODY = YES;
				CLANG_WARN_ENUM_CONVERSION = YES;
				CLANG_WARN_INFINITE_RECURSION = YES;
				CLANG_WARN_INT_CONVERSION = YES;
				CLANG_WARN_NON_LITERAL_NULL_CONVERSION = YES;
				CLANG_WARN_OBJC_IMPLICIT_RETAIN_SELF = YES;
				CLANG_WARN_OBJC_LITERAL_CONVERSION = YES;
				CLANG_WARN_OBJC_ROOT_CLASS = YES_ERROR;
				CLANG_WARN_RANGE_LOOP_ANALYSIS = YES;
				CLANG_WARN_STRICT_PROTOTYPES = YES;
				CLANG_WARN_SUSPICIOUS_MOVE = YES;
				CLANG_WARN_UNGUARDED_AVAILABILITY = YES_AGGRESSIVE;
				CLANG_WARN_UNREACHABLE_CODE = YES;
				CLANG_WARN__DUPLICATE_METHOD_MATCH = YES;
				CODE_SIGN_IDENTITY = "iPhone Developer";
				COPY_PHASE_STRIP = NO;
				DEBUG_INFORMATION_FORMAT = dwarf;
				ENABLE_STRICT_OBJC_MSGSEND = YES;
				ENABLE_TESTABILITY = YES;
				GCC_C_LANGUAGE_STANDARD = gnu11;
				GCC_DYNAMIC_NO_PIC = NO;
				GCC_NO_COMMON_BLOCKS = YES;
				GCC_OPTIMIZATION_LEVEL = 0;
				GCC_PREPROCESSOR_DEFINITIONS = (
					"DEBUG=1",
					"$(inherited)",
				);
				GCC_WARN_64_TO_32_BIT_CONVERSION = YES;
				GCC_WARN_ABOUT_RETURN_TYPE = YES_ERROR;
				GCC_WARN_UNDECLARED_SELECTOR = YES;
				GCC_WARN_UNINITIALIZED_AUTOS = YES_AGGRESSIVE;
				GCC_WARN_UNUSED_FUNCTION = YES;
				GCC_WARN_UNUSED_VARIABLE = YES;
				IPHONEOS_DEPLOYMENT_TARGET = 12.2;
				MTL_ENABLE_DEBUG_INFO = INCLUDE_SOURCE;
				MTL_FAST_MATH = YES;
				ONLY_ACTIVE_ARCH = YES;
				SDKROOT = iphoneos;
				SWIFT_ACTIVE_COMPILATION_CONDITIONS = DEBUG;
				SWIFT_OPTIMIZATION_LEVEL = "-Onone";
			};
			name = Debug;
		};
		5BC2D1EB22923C73009EF3AF /* Release */ = {
			isa = XCBuildConfiguration;
			buildSettings = {
				ALWAYS_SEARCH_USER_PATHS = NO;
				CLANG_ANALYZER_NONNULL = YES;
				CLANG_ANALYZER_NUMBER_OBJECT_CONVERSION = YES_AGGRESSIVE;
				CLANG_CXX_LANGUAGE_STANDARD = "gnu++14";
				CLANG_CXX_LIBRARY = "libc++";
				CLANG_ENABLE_MODULES = YES;
				CLANG_ENABLE_OBJC_ARC = YES;
				CLANG_ENABLE_OBJC_WEAK = YES;
				CLANG_WARN_BLOCK_CAPTURE_AUTORELEASING = YES;
				CLANG_WARN_BOOL_CONVERSION = YES;
				CLANG_WARN_COMMA = YES;
				CLANG_WARN_CONSTANT_CONVERSION = YES;
				CLANG_WARN_DEPRECATED_OBJC_IMPLEMENTATIONS = YES;
				CLANG_WARN_DIRECT_OBJC_ISA_USAGE = YES_ERROR;
				CLANG_WARN_DOCUMENTATION_COMMENTS = YES;
				CLANG_WARN_EMPTY_BODY = YES;
				CLANG_WARN_ENUM_CONVERSION = YES;
				CLANG_WARN_INFINITE_RECURSION = YES;
				CLANG_WARN_INT_CONVERSION = YES;
				CLANG_WARN_NON_LITERAL_NULL_CONVERSION = YES;
				CLANG_WARN_OBJC_IMPLICIT_RETAIN_SELF = YES;
				CLANG_WARN_OBJC_LITERAL_CONVERSION = YES;
				CLANG_WARN_OBJC_ROOT_CLASS = YES_ERROR;
				CLANG_WARN_RANGE_LOOP_ANALYSIS = YES;
				CLANG_WARN_STRICT_PROTOTYPES = YES;
				CLANG_WARN_SUSPICIOUS_MOVE = YES;
				CLANG_WARN_UNGUARDED_AVAILABILITY = YES_AGGRESSIVE;
				CLANG_WARN_UNREACHABLE_CODE = YES;
				CLANG_WARN__DUPLICATE_METHOD_MATCH = YES;
				CODE_SIGN_IDENTITY = "iPhone Developer";
				COPY_PHASE_STRIP = NO;
				DEBUG_INFORMATION_FORMAT = "dwarf-with-dsym";
				ENABLE_NS_ASSERTIONS = NO;
				ENABLE_STRICT_OBJC_MSGSEND = YES;
				GCC_C_LANGUAGE_STANDARD = gnu11;
				GCC_NO_COMMON_BLOCKS = YES;
				GCC_WARN_64_TO_32_BIT_CONVERSION = YES;
				GCC_WARN_ABOUT_RETURN_TYPE = YES_ERROR;
				GCC_WARN_UNDECLARED_SELECTOR = YES;
				GCC_WARN_UNINITIALIZED_AUTOS = YES_AGGRESSIVE;
				GCC_WARN_UNUSED_FUNCTION = YES;
				GCC_WARN_UNUSED_VARIABLE = YES;
				IPHONEOS_DEPLOYMENT_TARGET = 12.2;
				MTL_ENABLE_DEBUG_INFO = NO;
				MTL_FAST_MATH = YES;
				SDKROOT = iphoneos;
				SWIFT_COMPILATION_MODE = wholemodule;
				SWIFT_OPTIMIZATION_LEVEL = "-O";
				VALIDATE_PRODUCT = YES;
			};
			name = Release;
		};
		5BC2D1ED22923C73009EF3AF /* Debug */ = {
			isa = XCBuildConfiguration;
			baseConfigurationReference = 68369F2B06F0C02FA57B6B20 /* Pods-Test_FMDB.debug.xcconfig */;
			buildSettings = {
				ASSETCATALOG_COMPILER_APPICON_NAME = AppIcon;
				CODE_SIGN_STYLE = Automatic;
				INFOPLIST_FILE = Test_FMDB/Info.plist;
				LD_RUNPATH_SEARCH_PATHS = (
					"$(inherited)",
					"@executable_path/Frameworks",
				);
				PRODUCT_BUNDLE_IDENTIFIER = "com.heron.Test-FMDB";
				PRODUCT_NAME = "$(TARGET_NAME)";
				SWIFT_VERSION = 5.0;
				TARGETED_DEVICE_FAMILY = "1,2";
			};
			name = Debug;
		};
		5BC2D1EE22923C73009EF3AF /* Release */ = {
			isa = XCBuildConfiguration;
			baseConfigurationReference = 58096D3D6F76C1557169905C /* Pods-Test_FMDB.release.xcconfig */;
			buildSettings = {
				ASSETCATALOG_COMPILER_APPICON_NAME = AppIcon;
				CODE_SIGN_STYLE = Automatic;
				INFOPLIST_FILE = Test_FMDB/Info.plist;
				LD_RUNPATH_SEARCH_PATHS = (
					"$(inherited)",
					"@executable_path/Frameworks",
				);
				PRODUCT_BUNDLE_IDENTIFIER = "com.heron.Test-FMDB";
				PRODUCT_NAME = "$(TARGET_NAME)";
				SWIFT_VERSION = 5.0;
				TARGETED_DEVICE_FAMILY = "1,2";
			};
			name = Release;
		};
		5BC2D1F022923C73009EF3AF /* Debug */ = {
			isa = XCBuildConfiguration;
			baseConfigurationReference = E73ACAD2C3C6757EFA0256C9 /* Pods-Test_FMDBTests.debug.xcconfig */;
			buildSettings = {
				ALWAYS_EMBED_SWIFT_STANDARD_LIBRARIES = YES;
				BUNDLE_LOADER = "$(TEST_HOST)";
				CODE_SIGN_STYLE = Automatic;
				INFOPLIST_FILE = Test_FMDBTests/Info.plist;
				LD_RUNPATH_SEARCH_PATHS = (
					"$(inherited)",
					"@executable_path/Frameworks",
					"@loader_path/Frameworks",
				);
				PRODUCT_BUNDLE_IDENTIFIER = "com.heron.Test-FMDBTests";
				PRODUCT_NAME = "$(TARGET_NAME)";
				SWIFT_VERSION = 5.0;
				TARGETED_DEVICE_FAMILY = "1,2";
				TEST_HOST = "$(BUILT_PRODUCTS_DIR)/Test_FMDB.app/Test_FMDB";
			};
			name = Debug;
		};
		5BC2D1F122923C73009EF3AF /* Release */ = {
			isa = XCBuildConfiguration;
			baseConfigurationReference = 91D81BE5CFAE4E9F08B9511A /* Pods-Test_FMDBTests.release.xcconfig */;
			buildSettings = {
				ALWAYS_EMBED_SWIFT_STANDARD_LIBRARIES = YES;
				BUNDLE_LOADER = "$(TEST_HOST)";
				CODE_SIGN_STYLE = Automatic;
				INFOPLIST_FILE = Test_FMDBTests/Info.plist;
				LD_RUNPATH_SEARCH_PATHS = (
					"$(inherited)",
					"@executable_path/Frameworks",
					"@loader_path/Frameworks",
				);
				PRODUCT_BUNDLE_IDENTIFIER = "com.heron.Test-FMDBTests";
				PRODUCT_NAME = "$(TARGET_NAME)";
				SWIFT_VERSION = 5.0;
				TARGETED_DEVICE_FAMILY = "1,2";
				TEST_HOST = "$(BUILT_PRODUCTS_DIR)/Test_FMDB.app/Test_FMDB";
			};
			name = Release;
		};
		5BC2D1F322923C73009EF3AF /* Debug */ = {
			isa = XCBuildConfiguration;
			baseConfigurationReference = 58FC5016EDD6D31BF006ADC5 /* Pods-Test_FMDBUITests.debug.xcconfig */;
			buildSettings = {
				ALWAYS_EMBED_SWIFT_STANDARD_LIBRARIES = YES;
				CODE_SIGN_STYLE = Automatic;
				INFOPLIST_FILE = Test_FMDBUITests/Info.plist;
				LD_RUNPATH_SEARCH_PATHS = (
					"$(inherited)",
					"@executable_path/Frameworks",
					"@loader_path/Frameworks",
				);
				PRODUCT_BUNDLE_IDENTIFIER = "com.heron.Test-FMDBUITests";
				PRODUCT_NAME = "$(TARGET_NAME)";
				SWIFT_VERSION = 5.0;
				TARGETED_DEVICE_FAMILY = "1,2";
				TEST_TARGET_NAME = Test_FMDB;
			};
			name = Debug;
		};
		5BC2D1F422923C73009EF3AF /* Release */ = {
			isa = XCBuildConfiguration;
			baseConfigurationReference = 3857221AF12707F1C5B766CD /* Pods-Test_FMDBUITests.release.xcconfig */;
			buildSettings = {
				ALWAYS_EMBED_SWIFT_STANDARD_LIBRARIES = YES;
				CODE_SIGN_STYLE = Automatic;
				INFOPLIST_FILE = Test_FMDBUITests/Info.plist;
				LD_RUNPATH_SEARCH_PATHS = (
					"$(inherited)",
					"@executable_path/Frameworks",
					"@loader_path/Frameworks",
				);
				PRODUCT_BUNDLE_IDENTIFIER = "com.heron.Test-FMDBUITests";
				PRODUCT_NAME = "$(TARGET_NAME)";
				SWIFT_VERSION = 5.0;
				TARGETED_DEVICE_FAMILY = "1,2";
				TEST_TARGET_NAME = Test_FMDB;
			};
			name = Release;
		};
/* End XCBuildConfiguration section */

/* Begin XCConfigurationList section */
		5BC2D1BF22923C71009EF3AF /* Build configuration list for PBXProject "Test_FMDB" */ = {
			isa = XCConfigurationList;
			buildConfigurations = (
				5BC2D1EA22923C73009EF3AF /* Debug */,
				5BC2D1EB22923C73009EF3AF /* Release */,
			);
			defaultConfigurationIsVisible = 0;
			defaultConfigurationName = Release;
		};
		5BC2D1EC22923C73009EF3AF /* Build configuration list for PBXNativeTarget "Test_FMDB" */ = {
			isa = XCConfigurationList;
			buildConfigurations = (
				5BC2D1ED22923C73009EF3AF /* Debug */,
				5BC2D1EE22923C73009EF3AF /* Release */,
			);
			defaultConfigurationIsVisible = 0;
			defaultConfigurationName = Release;
		};
		5BC2D1EF22923C73009EF3AF /* Build configuration list for PBXNativeTarget "Test_FMDBTests" */ = {
			isa = XCConfigurationList;
			buildConfigurations = (
				5BC2D1F022923C73009EF3AF /* Debug */,
				5BC2D1F122923C73009EF3AF /* Release */,
			);
			defaultConfigurationIsVisible = 0;
			defaultConfigurationName = Release;
		};
		5BC2D1F222923C73009EF3AF /* Build configuration list for PBXNativeTarget "Test_FMDBUITests" */ = {
			isa = XCConfigurationList;
			buildConfigurations = (
				5BC2D1F322923C73009EF3AF /* Debug */,
				5BC2D1F422923C73009EF3AF /* Release */,
			);
			defaultConfigurationIsVisible = 0;
			defaultConfigurationName = Release;
		};
/* End XCConfigurationList section */
	};
	rootObject = 5BC2D1BC22923C71009EF3AF /* Project object */;
}
